
Microsoft Visual Studio Solution File, Format Version 12.00
# Visual Studio Version 16
VisualStudioVersion = 16.0.30413.136
MinimumVisualStudioVersion = 10.0.40219.1
Project("{FAE04EC0-301F-11D3-BF4B-00C04F79EFBC}") = "OOPIntro", "OOPIntro\OOPIntro.csproj", "{CA6F69B2-DAF5-4A92-AE3E-8FEA42CAAE97}"
EndProject
Global
	GlobalSection(SolutionConfigurationPlatforms) = preSolution
		Debug|Any CPU = Debug|Any CPU
		Release|Any CPU = Release|Any CPU
	EndGlobalSection
	GlobalSection(ProjectConfigurationPlatforms) = postSolution
		{CA6F69B2-DAF5-4A92-AE3E-8FEA42CAAE97}.Debug|Any CPU.ActiveCfg = Debug|Any CPU
		{CA6F69B2-DAF5-4A92-AE3E-8FEA42CAAE97}.Debug|Any CPU.Build.0 = Debug|Any CPU
		{CA6F69B2-DAF5-4A92-AE3E-8FEA42CAAE97}.Release|Any CPU.ActiveCfg = Release|Any CPU
		{CA6F69B2-DAF5-4A92-AE3E-8FEA42CAAE97}.Release|Any CPU.Build.0 = Release|Any CPU
	EndGlobalSection
	GlobalSection(SolutionProperties) = preSolution
		HideSolutionNode = FALSE
	EndGlobalSection
	GlobalSection(ExtensibilityGlobals) = postSolution
		SolutionGuid = {116D2C3D-593F-40EF-B868-CF2D376CBF0C}
	EndGlobalSection
EndGlobal
